{
  "name": "express-vue",
  "version": "3.12.1",
  "lockfileVersion": 1,
  "dependencies": {
    "babylon": {
      "version": "6.17.2",
      "resolved": "https://registry.npmjs.org/babylon/-/babylon-6.17.2.tgz",
      "integrity": "sha1-IB0l71+JLEG65JSIsI2w3Udun1w=",
      "dev": true
    },
    "flow-remove-types": {
      "version": "1.2.1",
      "resolved": "https://registry.npmjs.org/flow-remove-types/-/flow-remove-types-1.2.1.tgz",
      "integrity": "sha1-WOJhv4uEK9I0yGyvuYKhITr/Dts=",
      "dev": true
    },
    "vlq": {
      "version": "0.2.2",
      "resolved": "https://registry.npmjs.org/vlq/-/vlq-0.2.2.tgz",
      "integrity": "sha1-4xbVJXtAuGu0PLjV/qXX9U1rDKE=",
      "dev": true
    }
  }
}
